
Microsoft Visual Studio Solution File, Format Version 12.00
# Visual Studio Version 16
VisualStudioVersion = 16.0.32413.511
MinimumVisualStudioVersion = 10.0.40219.1
Project("{FAE04EC0-301F-11D3-BF4B-00C04F79EFBC}") = "toDoListApp.View", "toDoList.View\toDoListApp.View.csproj", "{00566D3A-A987-4069-AE87-74A37B82DEE7}"
EndProject
Project("{FAE04EC0-301F-11D3-BF4B-00C04F79EFBC}") = "ListingApp.DAL", "ListingApp.DAL\ListingApp.DAL.csproj", "{738C7867-4A1B-4CC6-B737-27743687BEEA}"
EndProject
Project("{FAE04EC0-301F-11D3-BF4B-00C04F79EFBC}") = "ListingApp.Infrastructure", "ListingApp.Infrastructure\ListingApp.Infrastructure.csproj", "{0D895821-0A8F-45D2-808C-E1EDD808884E}"
EndProject
Global
	GlobalSection(SolutionConfigurationPlatforms) = preSolution
		Debug|Any CPU = Debug|Any CPU
		Release|Any CPU = Release|Any CPU
	EndGlobalSection
	GlobalSection(ProjectConfigurationPlatforms) = postSolution
		{00566D3A-A987-4069-AE87-74A37B82DEE7}.Debug|Any CPU.ActiveCfg = Debug|Any CPU
		{00566D3A-A987-4069-AE87-74A37B82DEE7}.Debug|Any CPU.Build.0 = Debug|Any CPU
		{00566D3A-A987-4069-AE87-74A37B82DEE7}.Release|Any CPU.ActiveCfg = Release|Any CPU
		{00566D3A-A987-4069-AE87-74A37B82DEE7}.Release|Any CPU.Build.0 = Release|Any CPU
		{738C7867-4A1B-4CC6-B737-27743687BEEA}.Debug|Any CPU.ActiveCfg = Debug|Any CPU
		{738C7867-4A1B-4CC6-B737-27743687BEEA}.Debug|Any CPU.Build.0 = Debug|Any CPU
		{738C7867-4A1B-4CC6-B737-27743687BEEA}.Release|Any CPU.ActiveCfg = Release|Any CPU
		{738C7867-4A1B-4CC6-B737-27743687BEEA}.Release|Any CPU.Build.0 = Release|Any CPU
		{0D895821-0A8F-45D2-808C-E1EDD808884E}.Debug|Any CPU.ActiveCfg = Debug|Any CPU
		{0D895821-0A8F-45D2-808C-E1EDD808884E}.Debug|Any CPU.Build.0 = Debug|Any CPU
		{0D895821-0A8F-45D2-808C-E1EDD808884E}.Release|Any CPU.ActiveCfg = Release|Any CPU
		{0D895821-0A8F-45D2-808C-E1EDD808884E}.Release|Any CPU.Build.0 = Release|Any CPU
	EndGlobalSection
	GlobalSection(SolutionProperties) = preSolution
		HideSolutionNode = FALSE
	EndGlobalSection
	GlobalSection(ExtensibilityGlobals) = postSolution
		SolutionGuid = {621DFD7E-F824-41FD-B356-AC64B2E5625C}
	EndGlobalSection
EndGlobal
